// !$*UTF8*$!
{
	archiveVersion = 1;
	classes = {
	};
	objectVersion = 50;
	objects = {

/* Begin PBXBuildFile section */
		526DB45E2603871C00078D0D /* AppDelegate.swift in Sources */ = {isa = PBXBuildFile; fileRef = 526DB45D2603871C00078D0D /* AppDelegate.swift */; };
		526DB4602603871C00078D0D /* SceneDelegate.swift in Sources */ = {isa = PBXBuildFile; fileRef = 526DB45F2603871C00078D0D /* SceneDelegate.swift */; };
		526DB4622603871C00078D0D /* ViewController.swift in Sources */ = {isa = PBXBuildFile; fileRef = 526DB4612603871C00078D0D /* ViewController.swift */; };
		526DB4652603871C00078D0D /* Main.storyboard in Resources */ = {isa = PBXBuildFile; fileRef = 526DB4632603871C00078D0D /* Main.storyboard */; };
		526DB4672603871F00078D0D /* Assets.xcassets in Resources */ = {isa = PBXBuildFile; fileRef = 526DB4662603871F00078D0D /* Assets.xcassets */; };
		526DB46A2603871F00078D0D /* LaunchScreen.storyboard in Resources */ = {isa = PBXBuildFile; fileRef = 526DB4682603871F00078D0D /* LaunchScreen.storyboard */; };
		66DC414AD00C75EDFAF5E609 /* Pods_githubApp.framework in Frameworks */ = {isa = PBXBuildFile; fileRef = 4F3F01A5DF59526506C45EDE /* Pods_githubApp.framework */; };
/* End PBXBuildFile section */

/* Begin PBXFileReference section */
		4F3F01A5DF59526506C45EDE /* Pods_githubApp.framework */ = {isa = PBXFileReference; explicitFileType = wrapper.framework; includeInIndex = 0; path = Pods_githubApp.framework; sourceTree = BUILT_PRODUCTS_DIR; };
		526DB45A2603871C00078D0D /* githubApp.app */ = {isa = PBXFileReference; explicitFileType = wrapper.application; includeInIndex = 0; path = githubApp.app; sourceTree = BUILT_PRODUCTS_DIR; };
		526DB45D2603871C00078D0D /* AppDelegate.swift */ = {isa = PBXFileReference; lastKnownFileType = sourcecode.swift; path = AppDelegate.swift; sourceTree = "<group>"; };
		526DB45F2603871C00078D0D /* SceneDelegate.swift */ = {isa = PBXFileReference; lastKnownFileType = sourcecode.swift; path = SceneDelegate.swift; sourceTree = "<group>"; };
		526DB4612603871C00078D0D /* ViewController.swift */ = {isa = PBXFileReference; lastKnownFileType = sourcecode.swift; path = ViewController.swift; sourceTree = "<group>"; };
		526DB4642603871C00078D0D /* Base */ = {isa = PBXFileReference; lastKnownFileType = file.storyboard; name = Base; path = Base.lproj/Main.storyboard; sourceTree = "<group>"; };
		526DB4662603871F00078D0D /* Assets.xcassets */ = {isa = PBXFileReference; lastKnownFileType = folder.assetcatalog; path = Assets.xcassets; sourceTree = "<group>"; };
		526DB4692603871F00078D0D /* Base */ = {isa = PBXFileReference; lastKnownFileType = file.storyboard; name = Base; path = Base.lproj/LaunchScreen.storyboard; sourceTree = "<group>"; };
		526DB46B2603871F00078D0D /* Info.plist */ = {isa = PBXFileReference; lastKnownFileType = text.plist.xml; path = Info.plist; sourceTree = "<group>"; };
		56930C5C583F2300D18312EF /* Pods-githubApp.release.xcconfig */ = {isa = PBXFileReference; includeInIndex = 1; lastKnownFileType = text.xcconfig; name = "Pods-githubApp.release.xcconfig"; path = "Target Support Files/Pods-githubApp/Pods-githubApp.release.xcconfig"; sourceTree = "<group>"; };
		C1CE8BDF3B19FD40B3ED1A52 /* Pods-githubApp.debug.xcconfig */ = {isa = PBXFileReference; includeInIndex = 1; lastKnownFileType = text.xcconfig; name = "Pods-githubApp.debug.xcconfig"; path = "Target Support Files/Pods-githubApp/Pods-githubApp.debug.xcconfig"; sourceTree = "<group>"; };
/* End PBXFileReference section */

/* Begin PBXFrameworksBuildPhase section */
		526DB4572603871C00078D0D /* Frameworks */ = {
			isa = PBXFrameworksBuildPhase;
			buildActionMask = 2147483647;
			files = (
				66DC414AD00C75EDFAF5E609 /* Pods_githubApp.framework in Frameworks */,
			);
			runOnlyForDeploymentPostprocessing = 0;
		};
/* End PBXFrameworksBuildPhase section */

/* Begin PBXGroup section */
		0BB8B878A14877EB575E33C1 /* Pods */ = {
			isa = PBXGroup;
			children = (
				C1CE8BDF3B19FD40B3ED1A52 /* Pods-githubApp.debug.xcconfig */,
				56930C5C583F2300D18312EF /* Pods-githubApp.release.xcconfig */,
			);
			name = Pods;
			path = Pods;
			sourceTree = "<group>";
		};
		2D12F1860B9BB4BDBFE6B702 /* Frameworks */ = {
			isa = PBXGroup;
			children = (
				4F3F01A5DF59526506C45EDE /* Pods_githubApp.framework */,
			);
			name = Frameworks;
			sourceTree = "<group>";
		};
		526DB4512603871C00078D0D = {
			isa = PBXGroup;
			children = (
				526DB45C2603871C00078D0D /* githubApp */,
				526DB45B2603871C00078D0D /* Products */,
				0BB8B878A14877EB575E33C1 /* Pods */,
				2D12F1860B9BB4BDBFE6B702 /* Frameworks */,
			);
			sourceTree = "<group>";
		};
		526DB45B2603871C00078D0D /* Products */ = {
			isa = PBXGroup;
			children = (
				526DB45A2603871C00078D0D /* githubApp.app */,
			);
			name = Products;
			sourceTree = "<group>";
		};
		526DB45C2603871C00078D0D /* githubApp */ = {
			isa = PBXGroup;
			children = (
				526DB45D2603871C00078D0D /* AppDelegate.swift */,
				526DB45F2603871C00078D0D /* SceneDelegate.swift */,
				526DB4612603871C00078D0D /* ViewController.swift */,
				526DB4632603871C00078D0D /* Main.storyboard */,
				526DB4662603871F00078D0D /* Assets.xcassets */,
				526DB4682603871F00078D0D /* LaunchScreen.storyboard */,
				526DB46B2603871F00078D0D /* Info.plist */,
			);
			path = githubApp;
			sourceTree = "<group>";
		};
/* End PBXGroup section */

/* Begin PBXNativeTarget section */
		526DB4592603871C00078D0D /* githubApp */ = {
			isa = PBXNativeTarget;
			buildConfigurationList = 526DB46E2603871F00078D0D /* Build configuration list for PBXNativeTarget "githubApp" */;
			buildPhases = (
				D9659D574E6AB71E669761D1 /* [CP] Check Pods Manifest.lock */,
				526DB4562603871C00078D0D /* Sources */,
				526DB4572603871C00078D0D /* Frameworks */,
				526DB4582603871C00078D0D /* Resources */,
				EDD50260994563D6119AA422 /* [CP] Embed Pods Frameworks */,
			);
			buildRules = (
			);
			dependencies = (
			);
			name = githubApp;
			productName = githubApp;
			productReference = 526DB45A2603871C00078D0D /* githubApp.app */;
			productType = "com.apple.product-type.application";
		};
/* End PBXNativeTarget section */

/* Begin PBXProject section */
		526DB4522603871C00078D0D /* Project object */ = {
			isa = PBXProject;
			attributes = {
				LastSwiftUpdateCheck = 1240;
				LastUpgradeCheck = 1240;
				TargetAttributes = {
					526DB4592603871C00078D0D = {
						CreatedOnToolsVersion = 12.4;
					};
				};
			};
			buildConfigurationList = 526DB4552603871C00078D0D /* Build configuration list for PBXProject "githubApp" */;
			compatibilityVersion = "Xcode 9.3";
			developmentRegion = en;
			hasScannedForEncodings = 0;
			knownRegions = (
				en,
				Base,
			);
			mainGroup = 526DB4512603871C00078D0D;
			productRefGroup = 526DB45B2603871C00078D0D /* Products */;
			projectDirPath = "";
			projectRoot = "";
			targets = (
				526DB4592603871C00078D0D /* githubApp */,
			);
		};
/* End PBXProject section */

/* Begin PBXResourcesBuildPhase section */
		526DB4582603871C00078D0D /* Resources */ = {
			isa = PBXResourcesBuildPhase;
			buildActionMask = 2147483647;
			files = (
				526DB46A2603871F00078D0D /* LaunchScreen.storyboard in Resources */,
				526DB4672603871F00078D0D /* Assets.xcassets in Resources */,
				526DB4652603871C00078D0D /* Main.storyboard in Resources */,
			);
			runOnlyForDeploymentPostprocessing = 0;
		};
/* End PBXResourcesBuildPhase section */

/* Begin PBXShellScriptBuildPhase section */
		D9659D574E6AB71E669761D1 /* [CP] Check Pods Manifest.lock */ = {
			isa = PBXShellScriptBuildPhase;
			buildActionMask = 2147483647;
			files = (
			);
			inputFileListPaths = (
			);
			inputPaths = (
				"${PODS_PODFILE_DIR_PATH}/Podfile.lock",
				"${PODS_ROOT}/Manifest.lock",
			);
			name = "[CP] Check Pods Manifest.lock";
			outputFileListPaths = (
			);
			outputPaths = (
				"$(DERIVED_FILE_DIR)/Pods-githubApp-checkManifestLockResult.txt",
			);
			runOnlyForDeploymentPostprocessing = 0;
			shellPath = /bin/sh;
			shellScript = "diff \"${PODS_PODFILE_DIR_PATH}/Podfile.lock\" \"${PODS_ROOT}/Manifest.lock\" > /dev/null\nif [ $? != 0 ] ; then\n    # print error to STDERR\n    echo \"error: The sandbox is not in sync with the Podfile.lock. Run 'pod install' or update your CocoaPods installation.\" >&2\n    exit 1\nfi\n# This output is used by Xcode 'outputs' to avoid re-running this script phase.\necho \"SUCCESS\" > \"${SCRIPT_OUTPUT_FILE_0}\"\n";
			showEnvVarsInLog = 0;
		};
		EDD50260994563D6119AA422 /* [CP] Embed Pods Frameworks */ = {
			isa = PBXShellScriptBuildPhase;
			buildActionMask = 2147483647;
			files = (
			);
			inputFileListPaths = (
				"${PODS_ROOT}/Target Support Files/Pods-githubApp/Pods-githubApp-frameworks-${CONFIGURATION}-input-files.xcfilelist",
			);
			name = "[CP] Embed Pods Frameworks";
			outputFileListPaths = (
				"${PODS_ROOT}/Target Support Files/Pods-githubApp/Pods-githubApp-frameworks-${CONFIGURATION}-output-files.xcfilelist",
			);
			runOnlyForDeploymentPostprocessing = 0;
			shellPath = /bin/sh;
			shellScript = "\"${PODS_ROOT}/Target Support Files/Pods-githubApp/Pods-githubApp-frameworks.sh\"\n";
			showEnvVarsInLog = 0;
		};
/* End PBXShellScriptBuildPhase section */

/* Begin PBXSourcesBuildPhase section */
		526DB4562603871C00078D0D /* Sources */ = {
			isa = PBXSourcesBuildPhase;
			buildActionMask = 2147483647;
			files = (
				526DB4622603871C00078D0D /* ViewController.swift in Sources */,
				526DB45E2603871C00078D0D /* AppDelegate.swift in Sources */,
				526DB4602603871C00078D0D /* SceneDelegate.swift in Sources */,
			);
			runOnlyForDeploymentPostprocessing = 0;
		};
/* End PBXSourcesBuildPhase section */

/* Begin PBXVariantGroup section */
		526DB4632603871C00078D0D /* Main.storyboard */ = {
			isa = PBXVariantGroup;
			children = (
				526DB4642603871C00078D0D /* Base */,
			);
			name = Main.storyboard;
			sourceTree = "<group>";
		};
		526DB4682603871F00078D0D /* LaunchScreen.storyboard */ = {
			isa = PBXVariantGroup;
			children = (
				526DB4692603871F00078D0D /* Base */,
			);
			name = LaunchScreen.storyboard;
			sourceTree = "<group>";
		};
/* End PBXVariantGroup section */

/* Begin XCBuildConfiguration section */
		526DB46C2603871F00078D0D /* Debug */ = {
			isa = XCBuildConfiguration;
			buildSettings = {
				ALWAYS_SEARCH_USER_PATHS = NO;
				CLANG_ANALYZER_NONNULL = YES;
				CLANG_ANALYZER_NUMBER_OBJECT_CONVERSION = YES_AGGRESSIVE;
				CLANG_CXX_LANGUAGE_STANDARD = "gnu++14";
				CLANG_CXX_LIBRARY = "libc++";
				CLANG_ENABLE_MODULES = YES;
				CLANG_ENABLE_OBJC_ARC = YES;
				CLANG_ENABLE_OBJC_WEAK = YES;
				CLANG_WARN_BLOCK_CAPTURE_AUTORELEASING = YES;
				CLANG_WARN_BOOL_CONVERSION = YES;
				CLANG_WARN_COMMA = YES;
				CLANG_WARN_CONSTANT_CONVERSION = YES;
				CLANG_WARN_DEPRECATED_OBJC_IMPLEMENTATIONS = YES;
				CLANG_WARN_DIRECT_OBJC_ISA_USAGE = YES_ERROR;
				CLANG_WARN_DOCUMENTATION_COMMENTS = YES;
				CLANG_WARN_EMPTY_BODY = YES;
				CLANG_WARN_ENUM_CONVERSION = YES;
				CLANG_WARN_INFINITE_RECURSION = YES;
				CLANG_WARN_INT_CONVERSION = YES;
				CLANG_WARN_NON_LITERAL_NULL_CONVERSION = YES;
				CLANG_WARN_OBJC_IMPLICIT_RETAIN_SELF = YES;
				CLANG_WARN_OBJC_LITERAL_CONVERSION = YES;
				CLANG_WARN_OBJC_ROOT_CLASS = YES_ERROR;
				CLANG_WARN_QUOTED_INCLUDE_IN_FRAMEWORK_HEADER = YES;
				CLANG_WARN_RANGE_LOOP_ANALYSIS = YES;
				CLANG_WARN_STRICT_PROTOTYPES = YES;
				CLANG_WARN_SUSPICIOUS_MOVE = YES;
				CLANG_WARN_UNGUARDED_AVAILABILITY = YES_AGGRESSIVE;
				CLANG_WARN_UNREACHABLE_CODE = YES;
				CLANG_WARN__DUPLICATE_METHOD_MATCH = YES;
				COPY_PHASE_STRIP = NO;
				DEBUG_INFORMATION_FORMAT = dwarf;
				ENABLE_STRICT_OBJC_MSGSEND = YES;
				ENABLE_TESTABILITY = YES;
				GCC_C_LANGUAGE_STANDARD = gnu11;
				GCC_DYNAMIC_NO_PIC = NO;
				GCC_NO_COMMON_BLOCKS = YES;
				GCC_OPTIMIZATION_LEVEL = 0;
				GCC_PREPROCESSOR_DEFINITIONS = (
					"DEBUG=1",
					"$(inherited)",
				);
				GCC_WARN_64_TO_32_BIT_CONVERSION = YES;
				GCC_WARN_ABOUT_RETURN_TYPE = YES_ERROR;
				GCC_WARN_UNDECLARED_SELECTOR = YES;
				GCC_WARN_UNINITIALIZED_AUTOS = YES_AGGRESSIVE;
				GCC_WARN_UNUSED_FUNCTION = YES;
				GCC_WARN_UNUSED_VARIABLE = YES;
				IPHONEOS_DEPLOYMENT_TARGET = 14.4;
				MTL_ENABLE_DEBUG_INFO = INCLUDE_SOURCE;
				MTL_FAST_MATH = YES;
				ONLY_ACTIVE_ARCH = YES;
				SDKROOT = iphoneos;
				SWIFT_ACTIVE_COMPILATION_CONDITIONS = DEBUG;
				SWIFT_OPTIMIZATION_LEVEL = "-Onone";
			};
			name = Debug;
		};
		526DB46D2603871F00078D0D /* Release */ = {
			isa = XCBuildConfiguration;
			buildSettings = {
				ALWAYS_SEARCH_USER_PATHS = NO;
				CLANG_ANALYZER_NONNULL = YES;
				CLANG_ANALYZER_NUMBER_OBJECT_CONVERSION = YES_AGGRESSIVE;
				CLANG_CXX_LANGUAGE_STANDARD = "gnu++14";
				CLANG_CXX_LIBRARY = "libc++";
				CLANG_ENABLE_MODULES = YES;
				CLANG_ENABLE_OBJC_ARC = YES;
				CLANG_ENABLE_OBJC_WEAK = YES;
				CLANG_WARN_BLOCK_CAPTURE_AUTORELEASING = YES;
				CLANG_WARN_BOOL_CONVERSION = YES;
				CLANG_WARN_COMMA = YES;
				CLANG_WARN_CONSTANT_CONVERSION = YES;
				CLANG_WARN_DEPRECATED_OBJC_IMPLEMENTATIONS = YES;
				CLANG_WARN_DIRECT_OBJC_ISA_USAGE = YES_ERROR;
				CLANG_WARN_DOCUMENTATION_COMMENTS = YES;
				CLANG_WARN_EMPTY_BODY = YES;
				CLANG_WARN_ENUM_CONVERSION = YES;
				CLANG_WARN_INFINITE_RECURSION = YES;
				CLANG_WARN_INT_CONVERSION = YES;
				CLANG_WARN_NON_LITERAL_NULL_CONVERSION = YES;
				CLANG_WARN_OBJC_IMPLICIT_RETAIN_SELF = YES;
				CLANG_WARN_OBJC_LITERAL_CONVERSION = YES;
				CLANG_WARN_OBJC_ROOT_CLASS = YES_ERROR;
				CLANG_WARN_QUOTED_INCLUDE_IN_FRAMEWORK_HEADER = YES;
				CLANG_WARN_RANGE_LOOP_ANALYSIS = YES;
				CLANG_WARN_STRICT_PROTOTYPES = YES;
				CLANG_WARN_SUSPICIOUS_MOVE = YES;
				CLANG_WARN_UNGUARDED_AVAILABILITY = YES_AGGRESSIVE;
				CLANG_WARN_UNREACHABLE_CODE = YES;
				CLANG_WARN__DUPLICATE_METHOD_MATCH = YES;
				COPY_PHASE_STRIP = NO;
				DEBUG_INFORMATION_FORMAT = "dwarf-with-dsym";
				ENABLE_NS_ASSERTIONS = NO;
				ENABLE_STRICT_OBJC_MSGSEND = YES;
				GCC_C_LANGUAGE_STANDARD = gnu11;
				GCC_NO_COMMON_BLOCKS = YES;
				GCC_WARN_64_TO_32_BIT_CONVERSION = YES;
				GCC_WARN_ABOUT_RETURN_TYPE = YES_ERROR;
				GCC_WARN_UNDECLARED_SELECTOR = YES;
				GCC_WARN_UNINITIALIZED_AUTOS = YES_AGGRESSIVE;
				GCC_WARN_UNUSED_FUNCTION = YES;
				GCC_WARN_UNUSED_VARIABLE = YES;
				IPHONEOS_DEPLOYMENT_TARGET = 14.4;
				MTL_ENABLE_DEBUG_INFO = NO;
				MTL_FAST_MATH = YES;
				SDKROOT = iphoneos;
				SWIFT_COMPILATION_MODE = wholemodule;
				SWIFT_OPTIMIZATION_LEVEL = "-O";
				VALIDATE_PRODUCT = YES;
			};
			name = Release;
		};
		526DB46F2603871F00078D0D /* Debug */ = {
			isa = XCBuildConfiguration;
			baseConfigurationReference = C1CE8BDF3B19FD40B3ED1A52 /* Pods-githubApp.debug.xcconfig */;
			buildSettings = {
				ASSETCATALOG_COMPILER_APPICON_NAME = AppIcon;
				ASSETCATALOG_COMPILER_GLOBAL_ACCENT_COLOR_NAME = AccentColor;
				CODE_SIGN_STYLE = Automatic;
				DEVELOPMENT_TEAM = WQP7L55495;
				INFOPLIST_FILE = githubApp/Info.plist;
				LD_RUNPATH_SEARCH_PATHS = (
					"$(inherited)",
					"@executable_path/Frameworks",
				);
				PRODUCT_BUNDLE_IDENTIFIER = com.yuuki.githubApp;
				PRODUCT_NAME = "$(TARGET_NAME)";
				SWIFT_VERSION = 5.0;
				TARGETED_DEVICE_FAMILY = "1,2";
			};
			name = Debug;
		};
		526DB4702603871F00078D0D /* Release */ = {
			isa = XCBuildConfiguration;
			baseConfigurationReference = 56930C5C583F2300D18312EF /* Pods-githubApp.release.xcconfig */;
			buildSettings = {
				ASSETCATALOG_COMPILER_APPICON_NAME = AppIcon;
				ASSETCATALOG_COMPILER_GLOBAL_ACCENT_COLOR_NAME = AccentColor;
				CODE_SIGN_STYLE = Automatic;
				DEVELOPMENT_TEAM = WQP7L55495;
				INFOPLIST_FILE = githubApp/Info.plist;
				LD_RUNPATH_SEARCH_PATHS = (
					"$(inherited)",
					"@executable_path/Frameworks",
				);
				PRODUCT_BUNDLE_IDENTIFIER = com.yuuki.githubApp;
				PRODUCT_NAME = "$(TARGET_NAME)";
				SWIFT_VERSION = 5.0;
				TARGETED_DEVICE_FAMILY = "1,2";
			};
			name = Release;
		};
/* End XCBuildConfiguration section */

/* Begin XCConfigurationList section */
		526DB4552603871C00078D0D /* Build configuration list for PBXProject "githubApp" */ = {
			isa = XCConfigurationList;
			buildConfigurations = (
				526DB46C2603871F00078D0D /* Debug */,
				526DB46D2603871F00078D0D /* Release */,
			);
			defaultConfigurationIsVisible = 0;
			defaultConfigurationName = Release;
		};
		526DB46E2603871F00078D0D /* Build configuration list for PBXNativeTarget "githubApp" */ = {
			isa = XCConfigurationList;
			buildConfigurations = (
				526DB46F2603871F00078D0D /* Debug */,
				526DB4702603871F00078D0D /* Release */,
			);
			defaultConfigurationIsVisible = 0;
			defaultConfigurationName = Release;
		};
/* End XCConfigurationList section */
	};
	rootObject = 526DB4522603871C00078D0D /* Project object */;
}
